
Microsoft Visual Studio Solution File, Format Version 12.00
# Visual Studio Version 17
VisualStudioVersion = 17.7.34031.279
MinimumVisualStudioVersion = 10.0.40219.1
Project("{FAE04EC0-301F-11D3-BF4B-00C04F79EFBC}") = "DrCleanerAppWebApis", "DrCleanerAppWebApis\DrCleanerAppWebApis.csproj", "{E8BEA996-25B7-423A-BDA0-ECEF231404B0}"
EndProject
Project("{FAE04EC0-301F-11D3-BF4B-00C04F79EFBC}") = "DryCleanerAppBuisinessLogic", "DryCleanerAppBuisinessLogic\DryCleanerAppBuisinessLogic.csproj", "{DFEE9809-B755-4EA6-BA19-B3D84D331A5B}"
EndProject
Project("{FAE04EC0-301F-11D3-BF4B-00C04F79EFBC}") = "DryCleanerAppDataAccess", "DryCleanerAppDataAccess\DryCleanerAppDataAccess.csproj", "{CE0F8EB8-D233-4357-8550-07945F06AE3E}"
EndProject
Global
	GlobalSection(SolutionConfigurationPlatforms) = preSolution
		Debug|Any CPU = Debug|Any CPU
		Release|Any CPU = Release|Any CPU
	EndGlobalSection
	GlobalSection(ProjectConfigurationPlatforms) = postSolution
		{E8BEA996-25B7-423A-BDA0-ECEF231404B0}.Debug|Any CPU.ActiveCfg = Debug|Any CPU
		{E8BEA996-25B7-423A-BDA0-ECEF231404B0}.Debug|Any CPU.Build.0 = Debug|Any CPU
		{E8BEA996-25B7-423A-BDA0-ECEF231404B0}.Release|Any CPU.ActiveCfg = Release|Any CPU
		{E8BEA996-25B7-423A-BDA0-ECEF231404B0}.Release|Any CPU.Build.0 = Release|Any CPU
		{DFEE9809-B755-4EA6-BA19-B3D84D331A5B}.Debug|Any CPU.ActiveCfg = Debug|Any CPU
		{DFEE9809-B755-4EA6-BA19-B3D84D331A5B}.Debug|Any CPU.Build.0 = Debug|Any CPU
		{DFEE9809-B755-4EA6-BA19-B3D84D331A5B}.Release|Any CPU.ActiveCfg = Release|Any CPU
		{DFEE9809-B755-4EA6-BA19-B3D84D331A5B}.Release|Any CPU.Build.0 = Release|Any CPU
		{CE0F8EB8-D233-4357-8550-07945F06AE3E}.Debug|Any CPU.ActiveCfg = Debug|Any CPU
		{CE0F8EB8-D233-4357-8550-07945F06AE3E}.Debug|Any CPU.Build.0 = Debug|Any CPU
		{CE0F8EB8-D233-4357-8550-07945F06AE3E}.Release|Any CPU.ActiveCfg = Release|Any CPU
		{CE0F8EB8-D233-4357-8550-07945F06AE3E}.Release|Any CPU.Build.0 = Release|Any CPU
	EndGlobalSection
	GlobalSection(SolutionProperties) = preSolution
		HideSolutionNode = FALSE
	EndGlobalSection
	GlobalSection(ExtensibilityGlobals) = postSolution
		SolutionGuid = {1A75C945-E356-45DC-BCE3-8170C3D6D9DF}
	EndGlobalSection
EndGlobal
